
Microsoft Visual Studio Solution File, Format Version 12.00
# Visual Studio Version 17
VisualStudioVersion = 17.3.32929.385
MinimumVisualStudioVersion = 10.0.40219.1
Project("{FAE04EC0-301F-11D3-BF4B-00C04F79EFBC}") = "Reflection", "Reflection\Reflection.csproj", "{C036FEFF-C1A4-4A4E-9E81-E444AFD295C3}"
EndProject
Global
	GlobalSection(SolutionConfigurationPlatforms) = preSolution
		Debug|Any CPU = Debug|Any CPU
		Release|Any CPU = Release|Any CPU
	EndGlobalSection
	GlobalSection(ProjectConfigurationPlatforms) = postSolution
		{C036FEFF-C1A4-4A4E-9E81-E444AFD295C3}.Debug|Any CPU.ActiveCfg = Debug|Any CPU
		{C036FEFF-C1A4-4A4E-9E81-E444AFD295C3}.Debug|Any CPU.Build.0 = Debug|Any CPU
		{C036FEFF-C1A4-4A4E-9E81-E444AFD295C3}.Release|Any CPU.ActiveCfg = Release|Any CPU
		{C036FEFF-C1A4-4A4E-9E81-E444AFD295C3}.Release|Any CPU.Build.0 = Release|Any CPU
	EndGlobalSection
	GlobalSection(SolutionProperties) = preSolution
		HideSolutionNode = FALSE
	EndGlobalSection
	GlobalSection(ExtensibilityGlobals) = postSolution
		SolutionGuid = {857A3611-4505-4742-A4AB-0ADB6B8BFB02}
	EndGlobalSection
EndGlobal
